
Microsoft Visual Studio Solution File, Format Version 12.00
# Visual Studio Version 17
VisualStudioVersion = 17.2.32526.322
MinimumVisualStudioVersion = 10.0.40219.1
Project("{9A19103F-16F7-4668-BE54-9A1E7A4F7556}") = "SchedulerService", "SchedulerService.csproj", "{6E58750A-69D4-400B-A2C6-7A1A7EABD6A4}"
EndProject
Project("{FAE04EC0-301F-11D3-BF4B-00C04F79EFBC}") = "SchedulerService.Tests", "SchedulerService.Tests\SchedulerService.Tests.csproj", "{066EEF7D-C564-4BF2-8DAB-3494C540B5DD}"
EndProject
Global
	GlobalSection(SolutionConfigurationPlatforms) = preSolution
		Debug|Any CPU = Debug|Any CPU
		Release|Any CPU = Release|Any CPU
	EndGlobalSection
	GlobalSection(ProjectConfigurationPlatforms) = postSolution
		{6E58750A-69D4-400B-A2C6-7A1A7EABD6A4}.Debug|Any CPU.ActiveCfg = Debug|Any CPU
		{6E58750A-69D4-400B-A2C6-7A1A7EABD6A4}.Debug|Any CPU.Build.0 = Debug|Any CPU
		{6E58750A-69D4-400B-A2C6-7A1A7EABD6A4}.Release|Any CPU.ActiveCfg = Release|Any CPU
		{6E58750A-69D4-400B-A2C6-7A1A7EABD6A4}.Release|Any CPU.Build.0 = Release|Any CPU
		{066EEF7D-C564-4BF2-8DAB-3494C540B5DD}.Debug|Any CPU.ActiveCfg = Debug|Any CPU
		{066EEF7D-C564-4BF2-8DAB-3494C540B5DD}.Debug|Any CPU.Build.0 = Debug|Any CPU
		{066EEF7D-C564-4BF2-8DAB-3494C540B5DD}.Release|Any CPU.ActiveCfg = Release|Any CPU
		{066EEF7D-C564-4BF2-8DAB-3494C540B5DD}.Release|Any CPU.Build.0 = Release|Any CPU
	EndGlobalSection
	GlobalSection(SolutionProperties) = preSolution
		HideSolutionNode = FALSE
	EndGlobalSection
	GlobalSection(ExtensibilityGlobals) = postSolution
		SolutionGuid = {434C78F1-141F-4E39-97A6-700B5ED01AD8}
	EndGlobalSection
EndGlobal
